
Microsoft Visual Studio Solution File, Format Version 12.00
# Visual Studio Version 17
VisualStudioVersion = 17.9.34714.143
MinimumVisualStudioVersion = 10.0.40219.1
Project("{9A19103F-16F7-4668-BE54-9A1E7A4F7556}") = "Domain", "Domain\Domain.csproj", "{5F02CF62-4A39-40B3-9035-0E8E92F2CB29}"
EndProject
Project("{9A19103F-16F7-4668-BE54-9A1E7A4F7556}") = "Application", "Application\Application.csproj", "{C1C5E3F7-276D-4874-90B1-6AF437C6DEC7}"
EndProject
Project("{9A19103F-16F7-4668-BE54-9A1E7A4F7556}") = "EmployeeProductivity.Server", "EmployeeProductivity.Server\EmployeeProductivity.Server.csproj", "{B043BE41-B728-4FB4-88C0-05EA7B4ACCC4}"
EndProject
Project("{9A19103F-16F7-4668-BE54-9A1E7A4F7556}") = "Infrastructure", "Infrastructure\Infrastructure.csproj", "{216B2D1B-5969-4239-A7A4-9B5181749785}"
EndProject
Global
	GlobalSection(SolutionConfigurationPlatforms) = preSolution
		Debug|Any CPU = Debug|Any CPU
		DEVELOPMENT|Any CPU = DEVELOPMENT|Any CPU
		Release|Any CPU = Release|Any CPU
	EndGlobalSection
	GlobalSection(ProjectConfigurationPlatforms) = postSolution
		{5F02CF62-4A39-40B3-9035-0E8E92F2CB29}.Debug|Any CPU.ActiveCfg = Debug|Any CPU
		{5F02CF62-4A39-40B3-9035-0E8E92F2CB29}.Debug|Any CPU.Build.0 = Debug|Any CPU
		{5F02CF62-4A39-40B3-9035-0E8E92F2CB29}.DEVELOPMENT|Any CPU.ActiveCfg = DEVELOPMENT|Any CPU
		{5F02CF62-4A39-40B3-9035-0E8E92F2CB29}.DEVELOPMENT|Any CPU.Build.0 = DEVELOPMENT|Any CPU
		{5F02CF62-4A39-40B3-9035-0E8E92F2CB29}.Release|Any CPU.ActiveCfg = Release|Any CPU
		{5F02CF62-4A39-40B3-9035-0E8E92F2CB29}.Release|Any CPU.Build.0 = Release|Any CPU
		{C1C5E3F7-276D-4874-90B1-6AF437C6DEC7}.Debug|Any CPU.ActiveCfg = Debug|Any CPU
		{C1C5E3F7-276D-4874-90B1-6AF437C6DEC7}.Debug|Any CPU.Build.0 = Debug|Any CPU
		{C1C5E3F7-276D-4874-90B1-6AF437C6DEC7}.DEVELOPMENT|Any CPU.ActiveCfg = Debug|Any CPU
		{C1C5E3F7-276D-4874-90B1-6AF437C6DEC7}.DEVELOPMENT|Any CPU.Build.0 = Debug|Any CPU
		{C1C5E3F7-276D-4874-90B1-6AF437C6DEC7}.Release|Any CPU.ActiveCfg = Release|Any CPU
		{C1C5E3F7-276D-4874-90B1-6AF437C6DEC7}.Release|Any CPU.Build.0 = Release|Any CPU
		{B043BE41-B728-4FB4-88C0-05EA7B4ACCC4}.Debug|Any CPU.ActiveCfg = Debug|Any CPU
		{B043BE41-B728-4FB4-88C0-05EA7B4ACCC4}.Debug|Any CPU.Build.0 = Debug|Any CPU
		{B043BE41-B728-4FB4-88C0-05EA7B4ACCC4}.DEVELOPMENT|Any CPU.ActiveCfg = DEVELOPMENT|Any CPU
		{B043BE41-B728-4FB4-88C0-05EA7B4ACCC4}.DEVELOPMENT|Any CPU.Build.0 = DEVELOPMENT|Any CPU
		{B043BE41-B728-4FB4-88C0-05EA7B4ACCC4}.Release|Any CPU.ActiveCfg = Release|Any CPU
		{B043BE41-B728-4FB4-88C0-05EA7B4ACCC4}.Release|Any CPU.Build.0 = Release|Any CPU
		{216B2D1B-5969-4239-A7A4-9B5181749785}.Debug|Any CPU.ActiveCfg = Debug|Any CPU
		{216B2D1B-5969-4239-A7A4-9B5181749785}.Debug|Any CPU.Build.0 = Debug|Any CPU
		{216B2D1B-5969-4239-A7A4-9B5181749785}.DEVELOPMENT|Any CPU.ActiveCfg = Debug|Any CPU
		{216B2D1B-5969-4239-A7A4-9B5181749785}.DEVELOPMENT|Any CPU.Build.0 = Debug|Any CPU
		{216B2D1B-5969-4239-A7A4-9B5181749785}.Release|Any CPU.ActiveCfg = Release|Any CPU
		{216B2D1B-5969-4239-A7A4-9B5181749785}.Release|Any CPU.Build.0 = Release|Any CPU
	EndGlobalSection
	GlobalSection(SolutionProperties) = preSolution
		HideSolutionNode = FALSE
	EndGlobalSection
	GlobalSection(ExtensibilityGlobals) = postSolution
		SolutionGuid = {D7FD4F4A-5079-494C-8E99-943A49B433BB}
	EndGlobalSection
EndGlobal
